
Microsoft Visual Studio Solution File, Format Version 12.00
# Visual Studio Version 17
VisualStudioVersion = 17.7.34031.279
MinimumVisualStudioVersion = 10.0.40219.1
Project("{FAE04EC0-301F-11D3-BF4B-00C04F79EFBC}") = "D01_VisualStudio", "D01_VisualStudio\D01_VisualStudio.csproj", "{2E444C7C-5F72-4B4B-A3B2-2A9E37201CBA}"
EndProject
Project("{FAE04EC0-301F-11D3-BF4B-00C04F79EFBC}") = "D02_AlgoritmoMedia", "D02_AlgoritmoMedia\D02_AlgoritmoMedia.csproj", "{009A9E5F-E4C9-48EF-82ED-DD86F8F70C21}"
EndProject
Project("{FAE04EC0-301F-11D3-BF4B-00C04F79EFBC}") = "D03_AlgoritmoPrecoFinal", "D03_AlgoritmoPrecoFinal\D03_AlgoritmoPrecoFinal.csproj", "{7F456736-4FAD-431D-B59A-B59871F16097}"
EndProject
Project("{FAE04EC0-301F-11D3-BF4B-00C04F79EFBC}") = "D04_AlgoritmoMaiorDeDoisNumeros", "D04_AlgoritmoMaiorDeDoisNumeros\D04_AlgoritmoMaiorDeDoisNumeros.csproj", "{B4871E42-B9AA-45ED-926D-96DAB8173CB1}"
EndProject
Project("{FAE04EC0-301F-11D3-BF4B-00C04F79EFBC}") = "D05_CodigoDoPais", "D05_CodigoDoPais\D05_CodigoDoPais.csproj", "{90D0A36C-85BD-4F3E-920A-73CF229DF5FE}"
EndProject
Project("{FAE04EC0-301F-11D3-BF4B-00C04F79EFBC}") = "D05_CodigoDoPais_v2", "ConsoleApp1\D05_CodigoDoPais_v2.csproj", "{A196C9BF-CE36-4BF8-BD67-53C3D49BC24D}"
EndProject
Project("{FAE04EC0-301F-11D3-BF4B-00C04F79EFBC}") = "E01_AlgoritmoMaiorIdade", "E01_AlgoritmoMaiorIdade\E01_AlgoritmoMaiorIdade.csproj", "{EBBC7430-2BFA-417B-8704-9B3AA239DEB4}"
EndProject
Project("{FAE04EC0-301F-11D3-BF4B-00C04F79EFBC}") = "E02_AlgoritmoVotacao", "E02_AlgoritmoVotacao\E02_AlgoritmoVotacao.csproj", "{6FCD4B1E-7596-4DE0-A050-51C6A01733DE}"
EndProject
Project("{FAE04EC0-301F-11D3-BF4B-00C04F79EFBC}") = "E03_AlgoritmoInserirFormandoNoCurso", "E03_AlgoritmoInserirFormandoNoCurso\E03_AlgoritmoInserirFormandoNoCurso.csproj", "{909312E3-992B-4953-A746-B167C26BB568}"
EndProject
Project("{FAE04EC0-301F-11D3-BF4B-00C04F79EFBC}") = "E04_AlgoritmoTurma5Formandos", "E04_AlgoritmoTurma5Formandos\E04_AlgoritmoTurma5Formandos.csproj", "{53FD074E-C845-4A6C-A341-3D865D803AEC}"
EndProject
Project("{FAE04EC0-301F-11D3-BF4B-00C04F79EFBC}") = "D06_DataTypes", "D06_DataTypes\D06_DataTypes.csproj", "{0541922D-75C9-4BD1-BF2D-26A0040B4510}"
EndProject
Project("{FAE04EC0-301F-11D3-BF4B-00C04F79EFBC}") = "D07_DataTypesConversion", "D07_DataTypesConversion\D07_DataTypesConversion.csproj", "{332E3A5E-8954-41A0-AAD5-828BCC8DFF1D}"
EndProject
Project("{FAE04EC0-301F-11D3-BF4B-00C04F79EFBC}") = "D08_DataTypesManipulation", "D08_DataTypesManipulation\D08_DataTypesManipulation.csproj", "{829EAD60-9BFA-4CED-AA29-C03F57CA97D2}"
EndProject
Project("{FAE04EC0-301F-11D3-BF4B-00C04F79EFBC}") = "D09_ConditionalStructures", "D09_ConditionalStructures\D09_ConditionalStructures.csproj", "{DB5F8806-8728-4093-AACA-50E92E8BD0E1}"
EndProject
Project("{FAE04EC0-301F-11D3-BF4B-00C04F79EFBC}") = "D10_LoopStructures", "D10_LoopStructures\D10_LoopStructures.csproj", "{58B9D520-6527-43B8-869C-B4BE9ECFAB7B}"
EndProject
Project("{FAE04EC0-301F-11D3-BF4B-00C04F79EFBC}") = "D00_Utility", "D00_Utility\D00_Utility.csproj", "{13EFB389-4B05-4818-A800-F5D5752EEDC2}"
EndProject
Project("{FAE04EC0-301F-11D3-BF4B-00C04F79EFBC}") = "D11_Classes", "D11_Classes\D11_Classes.csproj", "{2085EC2A-6758-4CA6-BA87-7DD0CA84143A}"
EndProject
Project("{FAE04EC0-301F-11D3-BF4B-00C04F79EFBC}") = "E05_Calculadora_v01_SemClasses", "E05_Calculadora_v01_SemClasses\E05_Calculadora_v01_SemClasses.csproj", "{54A5CCCF-EE48-40B8-8DEF-6438AA25D7CE}"
EndProject
Project("{FAE04EC0-301F-11D3-BF4B-00C04F79EFBC}") = "E06_Calculadora_v02_ComClasses", "E06_Calculadora_v02_ComClasses\E06_Calculadora_v02_ComClasses.csproj", "{3F5851AE-F82B-46F5-B941-2D6A5B7B452F}"
EndProject
Project("{FAE04EC0-301F-11D3-BF4B-00C04F79EFBC}") = "D12_Methods", "D12_Methods\D12_Methods.csproj", "{E312D9CF-7FD1-4177-9BD6-6E0980DE4DB4}"
EndProject
Project("{FAE04EC0-301F-11D3-BF4B-00C04F79EFBC}") = "D13_AccessModifiers", "D13_AccessModifiers\D13_AccessModifiers.csproj", "{CAF4AAD8-CAC6-4240-B499-491FCA719E3A}"
EndProject
Project("{FAE04EC0-301F-11D3-BF4B-00C04F79EFBC}") = "D14_ErrorHandling", "D14_ErrorHandling\D14_ErrorHandling.csproj", "{BCBE1257-E9F1-4BE3-B1E5-BE5AB59A44BE}"
EndProject
Project("{FAE04EC0-301F-11D3-BF4B-00C04F79EFBC}") = "E06_Calculadora_v03_ComClasses_MRS", "E06_Calculadora_v03_ComClasses_MRS\E06_Calculadora_v03_ComClasses_MRS.csproj", "{BC175CBC-2E64-4026-9DB0-85E534C36D43}"
EndProject
Project("{FAE04EC0-301F-11D3-BF4B-00C04F79EFBC}") = "D15_Collections_ArrayList", "D15_Collections_ArrayList\D15_Collections_ArrayList.csproj", "{8ED01BF5-A328-4448-A2FE-EECA12295E51}"
EndProject
Project("{FAE04EC0-301F-11D3-BF4B-00C04F79EFBC}") = "E07_Collections_ArrayList_Person", "E07_Collections_ArrayList_Person\E07_Collections_ArrayList_Person.csproj", "{8FBEBA63-BF63-4774-97EB-3261DB7E6CB9}"
EndProject
Project("{FAE04EC0-301F-11D3-BF4B-00C04F79EFBC}") = "D16_CollectionsGeneric_List", "D16_CollectionsGeneric_List\D16_CollectionsGeneric_List.csproj", "{E9E493A3-7E7E-4DE3-9585-B9CFE90C9C25}"
EndProject
Project("{FAE04EC0-301F-11D3-BF4B-00C04F79EFBC}") = "D17_CollectionsGeneric_Queue", "D17_CollectionsGeneric_Queue\D17_CollectionsGeneric_Queue.csproj", "{FF307C98-0D9A-4A41-8862-1EAF5A4E7ECD}"
EndProject
Project("{FAE04EC0-301F-11D3-BF4B-00C04F79EFBC}") = "D18_CollectionsGeneric_Stack", "D18_CollectionsGeneric_Stack\D18_CollectionsGeneric_Stack.csproj", "{17B0FFAF-8B78-4851-85BB-000051426867}"
EndProject
Project("{FAE04EC0-301F-11D3-BF4B-00C04F79EFBC}") = "D19_CollectionsGeneric_Dictionary", "D19_CollectionsGeneric_Dictionary\D19_CollectionsGeneric_Dictionary.csproj", "{BD30D3C8-E383-42FB-B30D-FA1099431198}"
EndProject
Project("{FAE04EC0-301F-11D3-BF4B-00C04F79EFBC}") = "E08_Collections_ListManipulation_Person", "E08_Collections_ListManipulation_Person\E08_Collections_ListManipulation_Person.csproj", "{D5A828B8-77CF-49E0-AE5F-BA3960D930F8}"
EndProject
Global
	GlobalSection(SolutionConfigurationPlatforms) = preSolution
		Debug|Any CPU = Debug|Any CPU
		Release|Any CPU = Release|Any CPU
	EndGlobalSection
	GlobalSection(ProjectConfigurationPlatforms) = postSolution
		{2E444C7C-5F72-4B4B-A3B2-2A9E37201CBA}.Debug|Any CPU.ActiveCfg = Debug|Any CPU
		{2E444C7C-5F72-4B4B-A3B2-2A9E37201CBA}.Debug|Any CPU.Build.0 = Debug|Any CPU
		{2E444C7C-5F72-4B4B-A3B2-2A9E37201CBA}.Release|Any CPU.ActiveCfg = Release|Any CPU
		{2E444C7C-5F72-4B4B-A3B2-2A9E37201CBA}.Release|Any CPU.Build.0 = Release|Any CPU
		{009A9E5F-E4C9-48EF-82ED-DD86F8F70C21}.Debug|Any CPU.ActiveCfg = Debug|Any CPU
		{009A9E5F-E4C9-48EF-82ED-DD86F8F70C21}.Debug|Any CPU.Build.0 = Debug|Any CPU
		{009A9E5F-E4C9-48EF-82ED-DD86F8F70C21}.Release|Any CPU.ActiveCfg = Release|Any CPU
		{009A9E5F-E4C9-48EF-82ED-DD86F8F70C21}.Release|Any CPU.Build.0 = Release|Any CPU
		{7F456736-4FAD-431D-B59A-B59871F16097}.Debug|Any CPU.ActiveCfg = Debug|Any CPU
		{7F456736-4FAD-431D-B59A-B59871F16097}.Debug|Any CPU.Build.0 = Debug|Any CPU
		{7F456736-4FAD-431D-B59A-B59871F16097}.Release|Any CPU.ActiveCfg = Release|Any CPU
		{7F456736-4FAD-431D-B59A-B59871F16097}.Release|Any CPU.Build.0 = Release|Any CPU
		{B4871E42-B9AA-45ED-926D-96DAB8173CB1}.Debug|Any CPU.ActiveCfg = Debug|Any CPU
		{B4871E42-B9AA-45ED-926D-96DAB8173CB1}.Debug|Any CPU.Build.0 = Debug|Any CPU
		{B4871E42-B9AA-45ED-926D-96DAB8173CB1}.Release|Any CPU.ActiveCfg = Release|Any CPU
		{B4871E42-B9AA-45ED-926D-96DAB8173CB1}.Release|Any CPU.Build.0 = Release|Any CPU
		{90D0A36C-85BD-4F3E-920A-73CF229DF5FE}.Debug|Any CPU.ActiveCfg = Debug|Any CPU
		{90D0A36C-85BD-4F3E-920A-73CF229DF5FE}.Debug|Any CPU.Build.0 = Debug|Any CPU
		{90D0A36C-85BD-4F3E-920A-73CF229DF5FE}.Release|Any CPU.ActiveCfg = Release|Any CPU
		{90D0A36C-85BD-4F3E-920A-73CF229DF5FE}.Release|Any CPU.Build.0 = Release|Any CPU
		{A196C9BF-CE36-4BF8-BD67-53C3D49BC24D}.Debug|Any CPU.ActiveCfg = Debug|Any CPU
		{A196C9BF-CE36-4BF8-BD67-53C3D49BC24D}.Debug|Any CPU.Build.0 = Debug|Any CPU
		{A196C9BF-CE36-4BF8-BD67-53C3D49BC24D}.Release|Any CPU.ActiveCfg = Release|Any CPU
		{A196C9BF-CE36-4BF8-BD67-53C3D49BC24D}.Release|Any CPU.Build.0 = Release|Any CPU
		{EBBC7430-2BFA-417B-8704-9B3AA239DEB4}.Debug|Any CPU.ActiveCfg = Debug|Any CPU
		{EBBC7430-2BFA-417B-8704-9B3AA239DEB4}.Debug|Any CPU.Build.0 = Debug|Any CPU
		{EBBC7430-2BFA-417B-8704-9B3AA239DEB4}.Release|Any CPU.ActiveCfg = Release|Any CPU
		{EBBC7430-2BFA-417B-8704-9B3AA239DEB4}.Release|Any CPU.Build.0 = Release|Any CPU
		{6FCD4B1E-7596-4DE0-A050-51C6A01733DE}.Debug|Any CPU.ActiveCfg = Debug|Any CPU
		{6FCD4B1E-7596-4DE0-A050-51C6A01733DE}.Debug|Any CPU.Build.0 = Debug|Any CPU
		{6FCD4B1E-7596-4DE0-A050-51C6A01733DE}.Release|Any CPU.ActiveCfg = Release|Any CPU
		{6FCD4B1E-7596-4DE0-A050-51C6A01733DE}.Release|Any CPU.Build.0 = Release|Any CPU
		{909312E3-992B-4953-A746-B167C26BB568}.Debug|Any CPU.ActiveCfg = Debug|Any CPU
		{909312E3-992B-4953-A746-B167C26BB568}.Debug|Any CPU.Build.0 = Debug|Any CPU
		{909312E3-992B-4953-A746-B167C26BB568}.Release|Any CPU.ActiveCfg = Release|Any CPU
		{909312E3-992B-4953-A746-B167C26BB568}.Release|Any CPU.Build.0 = Release|Any CPU
		{53FD074E-C845-4A6C-A341-3D865D803AEC}.Debug|Any CPU.ActiveCfg = Debug|Any CPU
		{53FD074E-C845-4A6C-A341-3D865D803AEC}.Debug|Any CPU.Build.0 = Debug|Any CPU
		{53FD074E-C845-4A6C-A341-3D865D803AEC}.Release|Any CPU.ActiveCfg = Release|Any CPU
		{53FD074E-C845-4A6C-A341-3D865D803AEC}.Release|Any CPU.Build.0 = Release|Any CPU
		{0541922D-75C9-4BD1-BF2D-26A0040B4510}.Debug|Any CPU.ActiveCfg = Debug|Any CPU
		{0541922D-75C9-4BD1-BF2D-26A0040B4510}.Debug|Any CPU.Build.0 = Debug|Any CPU
		{0541922D-75C9-4BD1-BF2D-26A0040B4510}.Release|Any CPU.ActiveCfg = Release|Any CPU
		{0541922D-75C9-4BD1-BF2D-26A0040B4510}.Release|Any CPU.Build.0 = Release|Any CPU
		{332E3A5E-8954-41A0-AAD5-828BCC8DFF1D}.Debug|Any CPU.ActiveCfg = Debug|Any CPU
		{332E3A5E-8954-41A0-AAD5-828BCC8DFF1D}.Debug|Any CPU.Build.0 = Debug|Any CPU
		{332E3A5E-8954-41A0-AAD5-828BCC8DFF1D}.Release|Any CPU.ActiveCfg = Release|Any CPU
		{332E3A5E-8954-41A0-AAD5-828BCC8DFF1D}.Release|Any CPU.Build.0 = Release|Any CPU
		{829EAD60-9BFA-4CED-AA29-C03F57CA97D2}.Debug|Any CPU.ActiveCfg = Debug|Any CPU
		{829EAD60-9BFA-4CED-AA29-C03F57CA97D2}.Debug|Any CPU.Build.0 = Debug|Any CPU
		{829EAD60-9BFA-4CED-AA29-C03F57CA97D2}.Release|Any CPU.ActiveCfg = Release|Any CPU
		{829EAD60-9BFA-4CED-AA29-C03F57CA97D2}.Release|Any CPU.Build.0 = Release|Any CPU
		{DB5F8806-8728-4093-AACA-50E92E8BD0E1}.Debug|Any CPU.ActiveCfg = Debug|Any CPU
		{DB5F8806-8728-4093-AACA-50E92E8BD0E1}.Debug|Any CPU.Build.0 = Debug|Any CPU
		{DB5F8806-8728-4093-AACA-50E92E8BD0E1}.Release|Any CPU.ActiveCfg = Release|Any CPU
		{DB5F8806-8728-4093-AACA-50E92E8BD0E1}.Release|Any CPU.Build.0 = Release|Any CPU
		{58B9D520-6527-43B8-869C-B4BE9ECFAB7B}.Debug|Any CPU.ActiveCfg = Debug|Any CPU
		{58B9D520-6527-43B8-869C-B4BE9ECFAB7B}.Debug|Any CPU.Build.0 = Debug|Any CPU
		{58B9D520-6527-43B8-869C-B4BE9ECFAB7B}.Release|Any CPU.ActiveCfg = Release|Any CPU
		{58B9D520-6527-43B8-869C-B4BE9ECFAB7B}.Release|Any CPU.Build.0 = Release|Any CPU
		{13EFB389-4B05-4818-A800-F5D5752EEDC2}.Debug|Any CPU.ActiveCfg = Debug|Any CPU
		{13EFB389-4B05-4818-A800-F5D5752EEDC2}.Debug|Any CPU.Build.0 = Debug|Any CPU
		{13EFB389-4B05-4818-A800-F5D5752EEDC2}.Release|Any CPU.ActiveCfg = Release|Any CPU
		{13EFB389-4B05-4818-A800-F5D5752EEDC2}.Release|Any CPU.Build.0 = Release|Any CPU
		{2085EC2A-6758-4CA6-BA87-7DD0CA84143A}.Debug|Any CPU.ActiveCfg = Debug|Any CPU
		{2085EC2A-6758-4CA6-BA87-7DD0CA84143A}.Debug|Any CPU.Build.0 = Debug|Any CPU
		{2085EC2A-6758-4CA6-BA87-7DD0CA84143A}.Release|Any CPU.ActiveCfg = Release|Any CPU
		{2085EC2A-6758-4CA6-BA87-7DD0CA84143A}.Release|Any CPU.Build.0 = Release|Any CPU
		{54A5CCCF-EE48-40B8-8DEF-6438AA25D7CE}.Debug|Any CPU.ActiveCfg = Debug|Any CPU
		{54A5CCCF-EE48-40B8-8DEF-6438AA25D7CE}.Debug|Any CPU.Build.0 = Debug|Any CPU
		{54A5CCCF-EE48-40B8-8DEF-6438AA25D7CE}.Release|Any CPU.ActiveCfg = Release|Any CPU
		{54A5CCCF-EE48-40B8-8DEF-6438AA25D7CE}.Release|Any CPU.Build.0 = Release|Any CPU
		{3F5851AE-F82B-46F5-B941-2D6A5B7B452F}.Debug|Any CPU.ActiveCfg = Debug|Any CPU
		{3F5851AE-F82B-46F5-B941-2D6A5B7B452F}.Debug|Any CPU.Build.0 = Debug|Any CPU
		{3F5851AE-F82B-46F5-B941-2D6A5B7B452F}.Release|Any CPU.ActiveCfg = Release|Any CPU
		{3F5851AE-F82B-46F5-B941-2D6A5B7B452F}.Release|Any CPU.Build.0 = Release|Any CPU
		{E312D9CF-7FD1-4177-9BD6-6E0980DE4DB4}.Debug|Any CPU.ActiveCfg = Debug|Any CPU
		{E312D9CF-7FD1-4177-9BD6-6E0980DE4DB4}.Debug|Any CPU.Build.0 = Debug|Any CPU
		{E312D9CF-7FD1-4177-9BD6-6E0980DE4DB4}.Release|Any CPU.ActiveCfg = Release|Any CPU
		{E312D9CF-7FD1-4177-9BD6-6E0980DE4DB4}.Release|Any CPU.Build.0 = Release|Any CPU
		{CAF4AAD8-CAC6-4240-B499-491FCA719E3A}.Debug|Any CPU.ActiveCfg = Debug|Any CPU
		{CAF4AAD8-CAC6-4240-B499-491FCA719E3A}.Debug|Any CPU.Build.0 = Debug|Any CPU
		{CAF4AAD8-CAC6-4240-B499-491FCA719E3A}.Release|Any CPU.ActiveCfg = Release|Any CPU
		{CAF4AAD8-CAC6-4240-B499-491FCA719E3A}.Release|Any CPU.Build.0 = Release|Any CPU
		{BCBE1257-E9F1-4BE3-B1E5-BE5AB59A44BE}.Debug|Any CPU.ActiveCfg = Debug|Any CPU
		{BCBE1257-E9F1-4BE3-B1E5-BE5AB59A44BE}.Debug|Any CPU.Build.0 = Debug|Any CPU
		{BCBE1257-E9F1-4BE3-B1E5-BE5AB59A44BE}.Release|Any CPU.ActiveCfg = Release|Any CPU
		{BCBE1257-E9F1-4BE3-B1E5-BE5AB59A44BE}.Release|Any CPU.Build.0 = Release|Any CPU
		{BC175CBC-2E64-4026-9DB0-85E534C36D43}.Debug|Any CPU.ActiveCfg = Debug|Any CPU
		{BC175CBC-2E64-4026-9DB0-85E534C36D43}.Debug|Any CPU.Build.0 = Debug|Any CPU
		{BC175CBC-2E64-4026-9DB0-85E534C36D43}.Release|Any CPU.ActiveCfg = Release|Any CPU
		{BC175CBC-2E64-4026-9DB0-85E534C36D43}.Release|Any CPU.Build.0 = Release|Any CPU
		{8ED01BF5-A328-4448-A2FE-EECA12295E51}.Debug|Any CPU.ActiveCfg = Debug|Any CPU
		{8ED01BF5-A328-4448-A2FE-EECA12295E51}.Debug|Any CPU.Build.0 = Debug|Any CPU
		{8ED01BF5-A328-4448-A2FE-EECA12295E51}.Release|Any CPU.ActiveCfg = Release|Any CPU
		{8ED01BF5-A328-4448-A2FE-EECA12295E51}.Release|Any CPU.Build.0 = Release|Any CPU
		{8FBEBA63-BF63-4774-97EB-3261DB7E6CB9}.Debug|Any CPU.ActiveCfg = Debug|Any CPU
		{8FBEBA63-BF63-4774-97EB-3261DB7E6CB9}.Debug|Any CPU.Build.0 = Debug|Any CPU
		{8FBEBA63-BF63-4774-97EB-3261DB7E6CB9}.Release|Any CPU.ActiveCfg = Release|Any CPU
		{8FBEBA63-BF63-4774-97EB-3261DB7E6CB9}.Release|Any CPU.Build.0 = Release|Any CPU
		{E9E493A3-7E7E-4DE3-9585-B9CFE90C9C25}.Debug|Any CPU.ActiveCfg = Debug|Any CPU
		{E9E493A3-7E7E-4DE3-9585-B9CFE90C9C25}.Debug|Any CPU.Build.0 = Debug|Any CPU
		{E9E493A3-7E7E-4DE3-9585-B9CFE90C9C25}.Release|Any CPU.ActiveCfg = Release|Any CPU
		{E9E493A3-7E7E-4DE3-9585-B9CFE90C9C25}.Release|Any CPU.Build.0 = Release|Any CPU
		{FF307C98-0D9A-4A41-8862-1EAF5A4E7ECD}.Debug|Any CPU.ActiveCfg = Debug|Any CPU
		{FF307C98-0D9A-4A41-8862-1EAF5A4E7ECD}.Debug|Any CPU.Build.0 = Debug|Any CPU
		{FF307C98-0D9A-4A41-8862-1EAF5A4E7ECD}.Release|Any CPU.ActiveCfg = Release|Any CPU
		{FF307C98-0D9A-4A41-8862-1EAF5A4E7ECD}.Release|Any CPU.Build.0 = Release|Any CPU
		{17B0FFAF-8B78-4851-85BB-000051426867}.Debug|Any CPU.ActiveCfg = Debug|Any CPU
		{17B0FFAF-8B78-4851-85BB-000051426867}.Debug|Any CPU.Build.0 = Debug|Any CPU
		{17B0FFAF-8B78-4851-85BB-000051426867}.Release|Any CPU.ActiveCfg = Release|Any CPU
		{17B0FFAF-8B78-4851-85BB-000051426867}.Release|Any CPU.Build.0 = Release|Any CPU
		{BD30D3C8-E383-42FB-B30D-FA1099431198}.Debug|Any CPU.ActiveCfg = Debug|Any CPU
		{BD30D3C8-E383-42FB-B30D-FA1099431198}.Debug|Any CPU.Build.0 = Debug|Any CPU
		{BD30D3C8-E383-42FB-B30D-FA1099431198}.Release|Any CPU.ActiveCfg = Release|Any CPU
		{BD30D3C8-E383-42FB-B30D-FA1099431198}.Release|Any CPU.Build.0 = Release|Any CPU
		{D5A828B8-77CF-49E0-AE5F-BA3960D930F8}.Debug|Any CPU.ActiveCfg = Debug|Any CPU
		{D5A828B8-77CF-49E0-AE5F-BA3960D930F8}.Debug|Any CPU.Build.0 = Debug|Any CPU
		{D5A828B8-77CF-49E0-AE5F-BA3960D930F8}.Release|Any CPU.ActiveCfg = Release|Any CPU
		{D5A828B8-77CF-49E0-AE5F-BA3960D930F8}.Release|Any CPU.Build.0 = Release|Any CPU
	EndGlobalSection
	GlobalSection(SolutionProperties) = preSolution
		HideSolutionNode = FALSE
	EndGlobalSection
	GlobalSection(ExtensibilityGlobals) = postSolution
		SolutionGuid = {C467BBD0-9AE2-4E1A-8585-941D916AF5DC}
	EndGlobalSection
EndGlobal
